
Microsoft Visual Studio Solution File, Format Version 12.00
# Visual Studio Version 17
VisualStudioVersion = 17.3.32929.385
MinimumVisualStudioVersion = 10.0.40219.1
Project("{FAE04EC0-301F-11D3-BF4B-00C04F79EFBC}") = "RegexPattern", "RegexPattern.csproj", "{C2DA0164-EA26-420E-806E-D60B3CADD61D}"
EndProject
Global
	GlobalSection(SolutionConfigurationPlatforms) = preSolution
		Debug|Any CPU = Debug|Any CPU
		Release|Any CPU = Release|Any CPU
	EndGlobalSection
	GlobalSection(ProjectConfigurationPlatforms) = postSolution
		{C2DA0164-EA26-420E-806E-D60B3CADD61D}.Debug|Any CPU.ActiveCfg = Debug|Any CPU
		{C2DA0164-EA26-420E-806E-D60B3CADD61D}.Debug|Any CPU.Build.0 = Debug|Any CPU
		{C2DA0164-EA26-420E-806E-D60B3CADD61D}.Release|Any CPU.ActiveCfg = Release|Any CPU
		{C2DA0164-EA26-420E-806E-D60B3CADD61D}.Release|Any CPU.Build.0 = Release|Any CPU
	EndGlobalSection
	GlobalSection(SolutionProperties) = preSolution
		HideSolutionNode = FALSE
	EndGlobalSection
	GlobalSection(ExtensibilityGlobals) = postSolution
		SolutionGuid = {C524EDBC-25A3-4F83-86C8-A74A74C56BDD}
	EndGlobalSection
EndGlobal
